
Microsoft Visual Studio Solution File, Format Version 12.00
# Visual Studio Version 17
VisualStudioVersion = 17.0.31903.59
MinimumVisualStudioVersion = 10.0.40219.1
Project("{FAE04EC0-301F-11D3-BF4B-00C04F79EFBC}") = "Resume.Domain", "Resume.Core\Resume.Domain.csproj", "{91678A3D-3CE9-47C9-A64F-C2893B83CF1B}"
EndProject
Project("{FAE04EC0-301F-11D3-BF4B-00C04F79EFBC}") = "Resume.Infrastructure", "Resume.Infrastructure\Resume.Infrastructure.csproj", "{67555DF7-6B2A-4268-A4C8-B6154BCC9BFB}"
EndProject
Project("{FAE04EC0-301F-11D3-BF4B-00C04F79EFBC}") = "Resume.Api", "Resume.Api\Resume.Api.csproj", "{91576D76-50CF-47DF-A27F-A64A1367613F}"
EndProject
Project("{FAE04EC0-301F-11D3-BF4B-00C04F79EFBC}") = "Resume.BlazorComponents", "Resume.BlazorComponents\Resume.BlazorComponents.csproj", "{067B47D0-4B87-4A0D-9F40-703BF76BA2C2}"
EndProject
Project("{FAE04EC0-301F-11D3-BF4B-00C04F79EFBC}") = "Resume.Web", "Resume.Web\Resume.Web.csproj", "{8D5A9AF0-3F45-4A57-AE24-A701864CC8C7}"
EndProject
Project("{2150E333-8FDC-42A3-9474-1A3956D46DE8}") = "Resume.Maui.MultiPlatfrom", "Resume.Maui.MultiPlatfrom", "{02EA681E-C7D8-13C7-8484-4AC65E1B71E8}"
EndProject
Project("{FAE04EC0-301F-11D3-BF4B-00C04F79EFBC}") = "Resume.Maui", "Resume.Maui\Resume.Maui\Resume.Maui.csproj", "{E296D510-1D78-4496-BE33-503DE95231B6}"
EndProject
Project("{FAE04EC0-301F-11D3-BF4B-00C04F79EFBC}") = "Resume.Maui.Droid", "Resume.Maui\Resume.Maui.Droid\Resume.Maui.Droid.csproj", "{F6D1FEF0-0D2F-4BBB-88AA-03EC63705706}"
EndProject
Project("{FAE04EC0-301F-11D3-BF4B-00C04F79EFBC}") = "Resume.Maui.iOS", "Resume.Maui\Resume.Maui.iOS\Resume.Maui.iOS.csproj", "{C6E60849-57C1-4E33-8A98-D1D593F5C076}"
EndProject
Project("{FAE04EC0-301F-11D3-BF4B-00C04F79EFBC}") = "Resume.Maui.Mac", "Resume.Maui\Resume.Maui.Mac\Resume.Maui.Mac.csproj", "{EC6B0BC8-5E66-474A-8DE6-82FF95CCD5C0}"
EndProject
Project("{FAE04EC0-301F-11D3-BF4B-00C04F79EFBC}") = "Resume.Maui.WinUI", "Resume.Maui\Resume.Maui.WinUI\Resume.Maui.WinUI.csproj", "{73A771A5-00E3-4C73-8835-E1A872BA8301}"
EndProject
Project("{FAE04EC0-301F-11D3-BF4B-00C04F79EFBC}") = "Resume.Maui.Shared", "Resume.Maui.Shared\Resume.Maui.Shared.csproj", "{6F8A337A-CDFC-41FA-B27C-9194D3841514}"
EndProject
Project("{2150E333-8FDC-42A3-9474-1A3956D46DE8}") = "Mobile", "Mobile", "{9BC467D3-24C2-4996-B3F4-1CEA96136E8E}"
EndProject
Project("{2150E333-8FDC-42A3-9474-1A3956D46DE8}") = "Desktop", "Desktop", "{3C0F86D3-45FC-4B80-9887-B00C98E9BA5D}"
EndProject
Project("{2150E333-8FDC-42A3-9474-1A3956D46DE8}") = "Resume.Maui-Hybrid.Web", "Resume.Maui-Hybrid.Web", "{012E6E2A-8DEF-4BF1-AEDD-B31DBFF92923}"
EndProject
Project("{2150E333-8FDC-42A3-9474-1A3956D46DE8}") = "Resume.Front", "Resume.Front", "{2333231F-7A68-43AF-9501-CB4F4B519F3B}"
EndProject
Project("{FAE04EC0-301F-11D3-BF4B-00C04F79EFBC}") = "Resume.Application", "Resume.Application\Resume.Application.csproj", "{7BED3C37-8171-4F1F-9F5E-40608CCACF12}"
EndProject
Global
	GlobalSection(SolutionConfigurationPlatforms) = preSolution
		Debug|Any CPU = Debug|Any CPU
		Debug|x64 = Debug|x64
		Debug|x86 = Debug|x86
		Release|Any CPU = Release|Any CPU
		Release|x64 = Release|x64
		Release|x86 = Release|x86
	EndGlobalSection
	GlobalSection(ProjectConfigurationPlatforms) = postSolution
		{91678A3D-3CE9-47C9-A64F-C2893B83CF1B}.Debug|Any CPU.ActiveCfg = Debug|Any CPU
		{91678A3D-3CE9-47C9-A64F-C2893B83CF1B}.Debug|Any CPU.Build.0 = Debug|Any CPU
		{91678A3D-3CE9-47C9-A64F-C2893B83CF1B}.Debug|x64.ActiveCfg = Debug|Any CPU
		{91678A3D-3CE9-47C9-A64F-C2893B83CF1B}.Debug|x64.Build.0 = Debug|Any CPU
		{91678A3D-3CE9-47C9-A64F-C2893B83CF1B}.Debug|x86.ActiveCfg = Debug|Any CPU
		{91678A3D-3CE9-47C9-A64F-C2893B83CF1B}.Debug|x86.Build.0 = Debug|Any CPU
		{91678A3D-3CE9-47C9-A64F-C2893B83CF1B}.Release|Any CPU.ActiveCfg = Release|Any CPU
		{91678A3D-3CE9-47C9-A64F-C2893B83CF1B}.Release|Any CPU.Build.0 = Release|Any CPU
		{91678A3D-3CE9-47C9-A64F-C2893B83CF1B}.Release|x64.ActiveCfg = Release|Any CPU
		{91678A3D-3CE9-47C9-A64F-C2893B83CF1B}.Release|x64.Build.0 = Release|Any CPU
		{91678A3D-3CE9-47C9-A64F-C2893B83CF1B}.Release|x86.ActiveCfg = Release|Any CPU
		{91678A3D-3CE9-47C9-A64F-C2893B83CF1B}.Release|x86.Build.0 = Release|Any CPU
		{67555DF7-6B2A-4268-A4C8-B6154BCC9BFB}.Debug|Any CPU.ActiveCfg = Debug|Any CPU
		{67555DF7-6B2A-4268-A4C8-B6154BCC9BFB}.Debug|Any CPU.Build.0 = Debug|Any CPU
		{67555DF7-6B2A-4268-A4C8-B6154BCC9BFB}.Debug|x64.ActiveCfg = Debug|Any CPU
		{67555DF7-6B2A-4268-A4C8-B6154BCC9BFB}.Debug|x64.Build.0 = Debug|Any CPU
		{67555DF7-6B2A-4268-A4C8-B6154BCC9BFB}.Debug|x86.ActiveCfg = Debug|Any CPU
		{67555DF7-6B2A-4268-A4C8-B6154BCC9BFB}.Debug|x86.Build.0 = Debug|Any CPU
		{67555DF7-6B2A-4268-A4C8-B6154BCC9BFB}.Release|Any CPU.ActiveCfg = Release|Any CPU
		{67555DF7-6B2A-4268-A4C8-B6154BCC9BFB}.Release|Any CPU.Build.0 = Release|Any CPU
		{67555DF7-6B2A-4268-A4C8-B6154BCC9BFB}.Release|x64.ActiveCfg = Release|Any CPU
		{67555DF7-6B2A-4268-A4C8-B6154BCC9BFB}.Release|x64.Build.0 = Release|Any CPU
		{67555DF7-6B2A-4268-A4C8-B6154BCC9BFB}.Release|x86.ActiveCfg = Release|Any CPU
		{67555DF7-6B2A-4268-A4C8-B6154BCC9BFB}.Release|x86.Build.0 = Release|Any CPU
		{91576D76-50CF-47DF-A27F-A64A1367613F}.Debug|Any CPU.ActiveCfg = Debug|Any CPU
		{91576D76-50CF-47DF-A27F-A64A1367613F}.Debug|Any CPU.Build.0 = Debug|Any CPU
		{91576D76-50CF-47DF-A27F-A64A1367613F}.Debug|x64.ActiveCfg = Debug|Any CPU
		{91576D76-50CF-47DF-A27F-A64A1367613F}.Debug|x64.Build.0 = Debug|Any CPU
		{91576D76-50CF-47DF-A27F-A64A1367613F}.Debug|x86.ActiveCfg = Debug|Any CPU
		{91576D76-50CF-47DF-A27F-A64A1367613F}.Debug|x86.Build.0 = Debug|Any CPU
		{91576D76-50CF-47DF-A27F-A64A1367613F}.Release|Any CPU.ActiveCfg = Release|Any CPU
		{91576D76-50CF-47DF-A27F-A64A1367613F}.Release|Any CPU.Build.0 = Release|Any CPU
		{91576D76-50CF-47DF-A27F-A64A1367613F}.Release|x64.ActiveCfg = Release|Any CPU
		{91576D76-50CF-47DF-A27F-A64A1367613F}.Release|x64.Build.0 = Release|Any CPU
		{91576D76-50CF-47DF-A27F-A64A1367613F}.Release|x86.ActiveCfg = Release|Any CPU
		{91576D76-50CF-47DF-A27F-A64A1367613F}.Release|x86.Build.0 = Release|Any CPU
		{067B47D0-4B87-4A0D-9F40-703BF76BA2C2}.Debug|Any CPU.ActiveCfg = Debug|Any CPU
		{067B47D0-4B87-4A0D-9F40-703BF76BA2C2}.Debug|Any CPU.Build.0 = Debug|Any CPU
		{067B47D0-4B87-4A0D-9F40-703BF76BA2C2}.Debug|x64.ActiveCfg = Debug|Any CPU
		{067B47D0-4B87-4A0D-9F40-703BF76BA2C2}.Debug|x64.Build.0 = Debug|Any CPU
		{067B47D0-4B87-4A0D-9F40-703BF76BA2C2}.Debug|x86.ActiveCfg = Debug|Any CPU
		{067B47D0-4B87-4A0D-9F40-703BF76BA2C2}.Debug|x86.Build.0 = Debug|Any CPU
		{067B47D0-4B87-4A0D-9F40-703BF76BA2C2}.Release|Any CPU.ActiveCfg = Release|Any CPU
		{067B47D0-4B87-4A0D-9F40-703BF76BA2C2}.Release|Any CPU.Build.0 = Release|Any CPU
		{067B47D0-4B87-4A0D-9F40-703BF76BA2C2}.Release|x64.ActiveCfg = Release|Any CPU
		{067B47D0-4B87-4A0D-9F40-703BF76BA2C2}.Release|x64.Build.0 = Release|Any CPU
		{067B47D0-4B87-4A0D-9F40-703BF76BA2C2}.Release|x86.ActiveCfg = Release|Any CPU
		{067B47D0-4B87-4A0D-9F40-703BF76BA2C2}.Release|x86.Build.0 = Release|Any CPU
		{8D5A9AF0-3F45-4A57-AE24-A701864CC8C7}.Debug|Any CPU.ActiveCfg = Debug|Any CPU
		{8D5A9AF0-3F45-4A57-AE24-A701864CC8C7}.Debug|Any CPU.Build.0 = Debug|Any CPU
		{8D5A9AF0-3F45-4A57-AE24-A701864CC8C7}.Debug|x64.ActiveCfg = Debug|Any CPU
		{8D5A9AF0-3F45-4A57-AE24-A701864CC8C7}.Debug|x64.Build.0 = Debug|Any CPU
		{8D5A9AF0-3F45-4A57-AE24-A701864CC8C7}.Debug|x86.ActiveCfg = Debug|Any CPU
		{8D5A9AF0-3F45-4A57-AE24-A701864CC8C7}.Debug|x86.Build.0 = Debug|Any CPU
		{8D5A9AF0-3F45-4A57-AE24-A701864CC8C7}.Release|Any CPU.ActiveCfg = Release|Any CPU
		{8D5A9AF0-3F45-4A57-AE24-A701864CC8C7}.Release|Any CPU.Build.0 = Release|Any CPU
		{8D5A9AF0-3F45-4A57-AE24-A701864CC8C7}.Release|x64.ActiveCfg = Release|Any CPU
		{8D5A9AF0-3F45-4A57-AE24-A701864CC8C7}.Release|x64.Build.0 = Release|Any CPU
		{8D5A9AF0-3F45-4A57-AE24-A701864CC8C7}.Release|x86.ActiveCfg = Release|Any CPU
		{8D5A9AF0-3F45-4A57-AE24-A701864CC8C7}.Release|x86.Build.0 = Release|Any CPU
		{E296D510-1D78-4496-BE33-503DE95231B6}.Debug|Any CPU.ActiveCfg = Debug|Any CPU
		{E296D510-1D78-4496-BE33-503DE95231B6}.Debug|Any CPU.Build.0 = Debug|Any CPU
		{E296D510-1D78-4496-BE33-503DE95231B6}.Debug|x64.ActiveCfg = Debug|Any CPU
		{E296D510-1D78-4496-BE33-503DE95231B6}.Debug|x64.Build.0 = Debug|Any CPU
		{E296D510-1D78-4496-BE33-503DE95231B6}.Debug|x86.ActiveCfg = Debug|Any CPU
		{E296D510-1D78-4496-BE33-503DE95231B6}.Debug|x86.Build.0 = Debug|Any CPU
		{E296D510-1D78-4496-BE33-503DE95231B6}.Release|Any CPU.ActiveCfg = Release|Any CPU
		{E296D510-1D78-4496-BE33-503DE95231B6}.Release|Any CPU.Build.0 = Release|Any CPU
		{E296D510-1D78-4496-BE33-503DE95231B6}.Release|x64.ActiveCfg = Release|Any CPU
		{E296D510-1D78-4496-BE33-503DE95231B6}.Release|x64.Build.0 = Release|Any CPU
		{E296D510-1D78-4496-BE33-503DE95231B6}.Release|x86.ActiveCfg = Release|Any CPU
		{E296D510-1D78-4496-BE33-503DE95231B6}.Release|x86.Build.0 = Release|Any CPU
		{F6D1FEF0-0D2F-4BBB-88AA-03EC63705706}.Debug|Any CPU.ActiveCfg = Debug|Any CPU
		{F6D1FEF0-0D2F-4BBB-88AA-03EC63705706}.Debug|Any CPU.Build.0 = Debug|Any CPU
		{F6D1FEF0-0D2F-4BBB-88AA-03EC63705706}.Debug|Any CPU.Deploy.0 = Debug|Any CPU
		{F6D1FEF0-0D2F-4BBB-88AA-03EC63705706}.Debug|x64.ActiveCfg = Debug|Any CPU
		{F6D1FEF0-0D2F-4BBB-88AA-03EC63705706}.Debug|x64.Build.0 = Debug|Any CPU
		{F6D1FEF0-0D2F-4BBB-88AA-03EC63705706}.Debug|x64.Deploy.0 = Debug|Any CPU
		{F6D1FEF0-0D2F-4BBB-88AA-03EC63705706}.Debug|x86.ActiveCfg = Debug|Any CPU
		{F6D1FEF0-0D2F-4BBB-88AA-03EC63705706}.Debug|x86.Build.0 = Debug|Any CPU
		{F6D1FEF0-0D2F-4BBB-88AA-03EC63705706}.Debug|x86.Deploy.0 = Debug|Any CPU
		{F6D1FEF0-0D2F-4BBB-88AA-03EC63705706}.Release|Any CPU.ActiveCfg = Release|Any CPU
		{F6D1FEF0-0D2F-4BBB-88AA-03EC63705706}.Release|Any CPU.Build.0 = Release|Any CPU
		{F6D1FEF0-0D2F-4BBB-88AA-03EC63705706}.Release|Any CPU.Deploy.0 = Release|Any CPU
		{F6D1FEF0-0D2F-4BBB-88AA-03EC63705706}.Release|x64.ActiveCfg = Release|Any CPU
		{F6D1FEF0-0D2F-4BBB-88AA-03EC63705706}.Release|x64.Build.0 = Release|Any CPU
		{F6D1FEF0-0D2F-4BBB-88AA-03EC63705706}.Release|x64.Deploy.0 = Release|Any CPU
		{F6D1FEF0-0D2F-4BBB-88AA-03EC63705706}.Release|x86.ActiveCfg = Release|Any CPU
		{F6D1FEF0-0D2F-4BBB-88AA-03EC63705706}.Release|x86.Build.0 = Release|Any CPU
		{F6D1FEF0-0D2F-4BBB-88AA-03EC63705706}.Release|x86.Deploy.0 = Release|Any CPU
		{C6E60849-57C1-4E33-8A98-D1D593F5C076}.Debug|Any CPU.ActiveCfg = Debug|Any CPU
		{C6E60849-57C1-4E33-8A98-D1D593F5C076}.Debug|Any CPU.Build.0 = Debug|Any CPU
		{C6E60849-57C1-4E33-8A98-D1D593F5C076}.Debug|Any CPU.Deploy.0 = Debug|Any CPU
		{C6E60849-57C1-4E33-8A98-D1D593F5C076}.Debug|x64.ActiveCfg = Debug|Any CPU
		{C6E60849-57C1-4E33-8A98-D1D593F5C076}.Debug|x64.Build.0 = Debug|Any CPU
		{C6E60849-57C1-4E33-8A98-D1D593F5C076}.Debug|x64.Deploy.0 = Debug|Any CPU
		{C6E60849-57C1-4E33-8A98-D1D593F5C076}.Debug|x86.ActiveCfg = Debug|Any CPU
		{C6E60849-57C1-4E33-8A98-D1D593F5C076}.Debug|x86.Build.0 = Debug|Any CPU
		{C6E60849-57C1-4E33-8A98-D1D593F5C076}.Debug|x86.Deploy.0 = Debug|Any CPU
		{C6E60849-57C1-4E33-8A98-D1D593F5C076}.Release|Any CPU.ActiveCfg = Release|Any CPU
		{C6E60849-57C1-4E33-8A98-D1D593F5C076}.Release|Any CPU.Build.0 = Release|Any CPU
		{C6E60849-57C1-4E33-8A98-D1D593F5C076}.Release|Any CPU.Deploy.0 = Release|Any CPU
		{C6E60849-57C1-4E33-8A98-D1D593F5C076}.Release|x64.ActiveCfg = Release|Any CPU
		{C6E60849-57C1-4E33-8A98-D1D593F5C076}.Release|x64.Build.0 = Release|Any CPU
		{C6E60849-57C1-4E33-8A98-D1D593F5C076}.Release|x64.Deploy.0 = Release|Any CPU
		{C6E60849-57C1-4E33-8A98-D1D593F5C076}.Release|x86.ActiveCfg = Release|Any CPU
		{C6E60849-57C1-4E33-8A98-D1D593F5C076}.Release|x86.Build.0 = Release|Any CPU
		{C6E60849-57C1-4E33-8A98-D1D593F5C076}.Release|x86.Deploy.0 = Release|Any CPU
		{EC6B0BC8-5E66-474A-8DE6-82FF95CCD5C0}.Debug|Any CPU.ActiveCfg = Debug|Any CPU
		{EC6B0BC8-5E66-474A-8DE6-82FF95CCD5C0}.Debug|Any CPU.Build.0 = Debug|Any CPU
		{EC6B0BC8-5E66-474A-8DE6-82FF95CCD5C0}.Debug|Any CPU.Deploy.0 = Debug|Any CPU
		{EC6B0BC8-5E66-474A-8DE6-82FF95CCD5C0}.Debug|x64.ActiveCfg = Debug|Any CPU
		{EC6B0BC8-5E66-474A-8DE6-82FF95CCD5C0}.Debug|x64.Build.0 = Debug|Any CPU
		{EC6B0BC8-5E66-474A-8DE6-82FF95CCD5C0}.Debug|x64.Deploy.0 = Debug|Any CPU
		{EC6B0BC8-5E66-474A-8DE6-82FF95CCD5C0}.Debug|x86.ActiveCfg = Debug|Any CPU
		{EC6B0BC8-5E66-474A-8DE6-82FF95CCD5C0}.Debug|x86.Build.0 = Debug|Any CPU
		{EC6B0BC8-5E66-474A-8DE6-82FF95CCD5C0}.Debug|x86.Deploy.0 = Debug|Any CPU
		{EC6B0BC8-5E66-474A-8DE6-82FF95CCD5C0}.Release|Any CPU.ActiveCfg = Release|Any CPU
		{EC6B0BC8-5E66-474A-8DE6-82FF95CCD5C0}.Release|Any CPU.Build.0 = Release|Any CPU
		{EC6B0BC8-5E66-474A-8DE6-82FF95CCD5C0}.Release|Any CPU.Deploy.0 = Release|Any CPU
		{EC6B0BC8-5E66-474A-8DE6-82FF95CCD5C0}.Release|x64.ActiveCfg = Release|Any CPU
		{EC6B0BC8-5E66-474A-8DE6-82FF95CCD5C0}.Release|x64.Build.0 = Release|Any CPU
		{EC6B0BC8-5E66-474A-8DE6-82FF95CCD5C0}.Release|x64.Deploy.0 = Release|Any CPU
		{EC6B0BC8-5E66-474A-8DE6-82FF95CCD5C0}.Release|x86.ActiveCfg = Release|Any CPU
		{EC6B0BC8-5E66-474A-8DE6-82FF95CCD5C0}.Release|x86.Build.0 = Release|Any CPU
		{EC6B0BC8-5E66-474A-8DE6-82FF95CCD5C0}.Release|x86.Deploy.0 = Release|Any CPU
		{73A771A5-00E3-4C73-8835-E1A872BA8301}.Debug|Any CPU.ActiveCfg = Debug|x64
		{73A771A5-00E3-4C73-8835-E1A872BA8301}.Debug|Any CPU.Build.0 = Debug|x64
		{73A771A5-00E3-4C73-8835-E1A872BA8301}.Debug|x64.ActiveCfg = Debug|x64
		{73A771A5-00E3-4C73-8835-E1A872BA8301}.Debug|x64.Build.0 = Debug|x64
		{73A771A5-00E3-4C73-8835-E1A872BA8301}.Debug|x86.ActiveCfg = Debug|x86
		{73A771A5-00E3-4C73-8835-E1A872BA8301}.Debug|x86.Build.0 = Debug|x86
		{73A771A5-00E3-4C73-8835-E1A872BA8301}.Release|Any CPU.ActiveCfg = Release|x64
		{73A771A5-00E3-4C73-8835-E1A872BA8301}.Release|Any CPU.Build.0 = Release|x64
		{73A771A5-00E3-4C73-8835-E1A872BA8301}.Release|x64.ActiveCfg = Release|x64
		{73A771A5-00E3-4C73-8835-E1A872BA8301}.Release|x64.Build.0 = Release|x64
		{73A771A5-00E3-4C73-8835-E1A872BA8301}.Release|x86.ActiveCfg = Release|x86
		{73A771A5-00E3-4C73-8835-E1A872BA8301}.Release|x86.Build.0 = Release|x86
		{6F8A337A-CDFC-41FA-B27C-9194D3841514}.Debug|Any CPU.ActiveCfg = Debug|Any CPU
		{6F8A337A-CDFC-41FA-B27C-9194D3841514}.Debug|Any CPU.Build.0 = Debug|Any CPU
		{6F8A337A-CDFC-41FA-B27C-9194D3841514}.Debug|x64.ActiveCfg = Debug|Any CPU
		{6F8A337A-CDFC-41FA-B27C-9194D3841514}.Debug|x64.Build.0 = Debug|Any CPU
		{6F8A337A-CDFC-41FA-B27C-9194D3841514}.Debug|x86.ActiveCfg = Debug|Any CPU
		{6F8A337A-CDFC-41FA-B27C-9194D3841514}.Debug|x86.Build.0 = Debug|Any CPU
		{6F8A337A-CDFC-41FA-B27C-9194D3841514}.Release|Any CPU.ActiveCfg = Release|Any CPU
		{6F8A337A-CDFC-41FA-B27C-9194D3841514}.Release|Any CPU.Build.0 = Release|Any CPU
		{6F8A337A-CDFC-41FA-B27C-9194D3841514}.Release|x64.ActiveCfg = Release|Any CPU
		{6F8A337A-CDFC-41FA-B27C-9194D3841514}.Release|x64.Build.0 = Release|Any CPU
		{6F8A337A-CDFC-41FA-B27C-9194D3841514}.Release|x86.ActiveCfg = Release|Any CPU
		{6F8A337A-CDFC-41FA-B27C-9194D3841514}.Release|x86.Build.0 = Release|Any CPU
		{7BED3C37-8171-4F1F-9F5E-40608CCACF12}.Debug|Any CPU.ActiveCfg = Debug|Any CPU
		{7BED3C37-8171-4F1F-9F5E-40608CCACF12}.Debug|Any CPU.Build.0 = Debug|Any CPU
		{7BED3C37-8171-4F1F-9F5E-40608CCACF12}.Debug|x64.ActiveCfg = Debug|Any CPU
		{7BED3C37-8171-4F1F-9F5E-40608CCACF12}.Debug|x64.Build.0 = Debug|Any CPU
		{7BED3C37-8171-4F1F-9F5E-40608CCACF12}.Debug|x86.ActiveCfg = Debug|Any CPU
		{7BED3C37-8171-4F1F-9F5E-40608CCACF12}.Debug|x86.Build.0 = Debug|Any CPU
		{7BED3C37-8171-4F1F-9F5E-40608CCACF12}.Release|Any CPU.ActiveCfg = Release|Any CPU
		{7BED3C37-8171-4F1F-9F5E-40608CCACF12}.Release|Any CPU.Build.0 = Release|Any CPU
		{7BED3C37-8171-4F1F-9F5E-40608CCACF12}.Release|x64.ActiveCfg = Release|Any CPU
		{7BED3C37-8171-4F1F-9F5E-40608CCACF12}.Release|x64.Build.0 = Release|Any CPU
		{7BED3C37-8171-4F1F-9F5E-40608CCACF12}.Release|x86.ActiveCfg = Release|Any CPU
		{7BED3C37-8171-4F1F-9F5E-40608CCACF12}.Release|x86.Build.0 = Release|Any CPU
	EndGlobalSection
	GlobalSection(SolutionProperties) = preSolution
		HideSolutionNode = FALSE
	EndGlobalSection
	GlobalSection(NestedProjects) = preSolution
		{067B47D0-4B87-4A0D-9F40-703BF76BA2C2} = {012E6E2A-8DEF-4BF1-AEDD-B31DBFF92923}
		{8D5A9AF0-3F45-4A57-AE24-A701864CC8C7} = {012E6E2A-8DEF-4BF1-AEDD-B31DBFF92923}
		{02EA681E-C7D8-13C7-8484-4AC65E1B71E8} = {2333231F-7A68-43AF-9501-CB4F4B519F3B}
		{E296D510-1D78-4496-BE33-503DE95231B6} = {02EA681E-C7D8-13C7-8484-4AC65E1B71E8}
		{F6D1FEF0-0D2F-4BBB-88AA-03EC63705706} = {9BC467D3-24C2-4996-B3F4-1CEA96136E8E}
		{C6E60849-57C1-4E33-8A98-D1D593F5C076} = {9BC467D3-24C2-4996-B3F4-1CEA96136E8E}
		{EC6B0BC8-5E66-474A-8DE6-82FF95CCD5C0} = {3C0F86D3-45FC-4B80-9887-B00C98E9BA5D}
		{73A771A5-00E3-4C73-8835-E1A872BA8301} = {3C0F86D3-45FC-4B80-9887-B00C98E9BA5D}
		{6F8A337A-CDFC-41FA-B27C-9194D3841514} = {02EA681E-C7D8-13C7-8484-4AC65E1B71E8}
		{9BC467D3-24C2-4996-B3F4-1CEA96136E8E} = {02EA681E-C7D8-13C7-8484-4AC65E1B71E8}
		{3C0F86D3-45FC-4B80-9887-B00C98E9BA5D} = {02EA681E-C7D8-13C7-8484-4AC65E1B71E8}
		{012E6E2A-8DEF-4BF1-AEDD-B31DBFF92923} = {2333231F-7A68-43AF-9501-CB4F4B519F3B}
	EndGlobalSection
	GlobalSection(ExtensibilityGlobals) = postSolution
		SolutionGuid = {9EA0B0A4-D4D6-4F69-AFD2-9C9E50A63148}
	EndGlobalSection
EndGlobal
